// !$*UTF8*$!
{
	archiveVersion = 1;
	classes = {
	};
	objectVersion = 46;
	objects = {

/* Begin PBXBuildFile section */
		9001FA521BF04DD100EBE196 /* RANSAC.cpp in Sources */ = {isa = PBXBuildFile; fileRef = 9001FA511BF04DD100EBE196 /* RANSAC.cpp */; };
/* End PBXBuildFile section */

/* Begin PBXCopyFilesBuildPhase section */
		9001FA4C1BF04DD100EBE196 /* CopyFiles */ = {
			isa = PBXCopyFilesBuildPhase;
			buildActionMask = 2147483647;
			dstPath = /usr/share/man/man1/;
			dstSubfolderSpec = 0;
			files = (
			);
			runOnlyForDeploymentPostprocessing = 1;
		};
/* End PBXCopyFilesBuildPhase section */

/* Begin PBXFileReference section */
		9001FA4E1BF04DD100EBE196 /* RANSAC */ = {isa = PBXFileReference; explicitFileType = "compiled.mach-o.executable"; includeInIndex = 0; path = RANSAC; sourceTree = BUILT_PRODUCTS_DIR; };
		9001FA511BF04DD100EBE196 /* RANSAC.cpp */ = {isa = PBXFileReference; lastKnownFileType = sourcecode.cpp.cpp; path = RANSAC.cpp; sourceTree = "<group>"; };
/* End PBXFileReference section */

/* Begin PBXFrameworksBuildPhase section */
		9001FA4B1BF04DD100EBE196 /* Frameworks */ = {
			isa = PBXFrameworksBuildPhase;
			buildActionMask = 2147483647;
			files = (
			);
			runOnlyForDeploymentPostprocessing = 0;
		};
/* End PBXFrameworksBuildPhase section */

/* Begin PBXGroup section */
		9001FA451BF04DD100EBE196 = {
			isa = PBXGroup;
			children = (
				9001FA501BF04DD100EBE196 /* RANSAC */,
				9001FA4F1BF04DD100EBE196 /* Products */,
			);
			sourceTree = "<group>";
		};
		9001FA4F1BF04DD100EBE196 /* Products */ = {
			isa = PBXGroup;
			children = (
				9001FA4E1BF04DD100EBE196 /* RANSAC */,
			);
			name = Products;
			sourceTree = "<group>";
		};
		9001FA501BF04DD100EBE196 /* RANSAC */ = {
			isa = PBXGroup;
			children = (
				9001FA511BF04DD100EBE196 /* RANSAC.cpp */,
			);
			path = RANSAC;
			sourceTree = "<group>";
		};
/* End PBXGroup section */

/* Begin PBXNativeTarget section */
		9001FA4D1BF04DD100EBE196 /* RANSAC */ = {
			isa = PBXNativeTarget;
			buildConfigurationList = 9001FA551BF04DD100EBE196 /* Build configuration list for PBXNativeTarget "RANSAC" */;
			buildPhases = (
				9001FA4A1BF04DD100EBE196 /* Sources */,
				9001FA4B1BF04DD100EBE196 /* Frameworks */,
				9001FA4C1BF04DD100EBE196 /* CopyFiles */,
			);
			buildRules = (
			);
			dependencies = (
			);
			name = RANSAC;
			productName = RANSAC;
			productReference = 9001FA4E1BF04DD100EBE196 /* RANSAC */;
			productType = "com.apple.product-type.tool";
		};
/* End PBXNativeTarget section */

/* Begin PBXProject section */
		9001FA461BF04DD100EBE196 /* Project object */ = {
			isa = PBXProject;
			attributes = {
				LastUpgradeCheck = 0710;
				ORGANIZATIONNAME = "Marco Ceze";
				TargetAttributes = {
					9001FA4D1BF04DD100EBE196 = {
						CreatedOnToolsVersion = 7.1;
					};
				};
			};
			buildConfigurationList = 9001FA491BF04DD100EBE196 /* Build configuration list for PBXProject "RANSAC" */;
			compatibilityVersion = "Xcode 3.2";
			developmentRegion = English;
			hasScannedForEncodings = 0;
			knownRegions = (
				en,
			);
			mainGroup = 9001FA451BF04DD100EBE196;
			productRefGroup = 9001FA4F1BF04DD100EBE196 /* Products */;
			projectDirPath = "";
			projectRoot = "";
			targets = (
				9001FA4D1BF04DD100EBE196 /* RANSAC */,
			);
		};
/* End PBXProject section */

/* Begin PBXSourcesBuildPhase section */
		9001FA4A1BF04DD100EBE196 /* Sources */ = {
			isa = PBXSourcesBuildPhase;
			buildActionMask = 2147483647;
			files = (
				9001FA521BF04DD100EBE196 /* RANSAC.cpp in Sources */,
			);
			runOnlyForDeploymentPostprocessing = 0;
		};
/* End PBXSourcesBuildPhase section */

/* Begin XCBuildConfiguration section */
		9001FA531BF04DD100EBE196 /* Debug */ = {
			isa = XCBuildConfiguration;
			buildSettings = {
				ALWAYS_SEARCH_USER_PATHS = NO;
				CLANG_CXX_LANGUAGE_STANDARD = "gnu++0x";
				CLANG_CXX_LIBRARY = "libc++";
				CLANG_ENABLE_MODULES = YES;
				CLANG_ENABLE_OBJC_ARC = YES;
				CLANG_WARN_BOOL_CONVERSION = YES;
				CLANG_WARN_CONSTANT_CONVERSION = YES;
				CLANG_WARN_DIRECT_OBJC_ISA_USAGE = YES_ERROR;
				CLANG_WARN_EMPTY_BODY = YES;
				CLANG_WARN_ENUM_CONVERSION = YES;
				CLANG_WARN_INT_CONVERSION = YES;
				CLANG_WARN_OBJC_ROOT_CLASS = YES_ERROR;
				CLANG_WARN_UNREACHABLE_CODE = YES;
				CLANG_WARN__DUPLICATE_METHOD_MATCH = YES;
				CODE_SIGN_IDENTITY = "-";
				COPY_PHASE_STRIP = NO;
				DEBUG_INFORMATION_FORMAT = dwarf;
				ENABLE_STRICT_OBJC_MSGSEND = YES;
				ENABLE_TESTABILITY = YES;
				GCC_C_LANGUAGE_STANDARD = gnu99;
				GCC_DYNAMIC_NO_PIC = NO;
				GCC_NO_COMMON_BLOCKS = YES;
				GCC_OPTIMIZATION_LEVEL = 0;
				GCC_PREPROCESSOR_DEFINITIONS = (
					"DEBUG=1",
					"$(inherited)",
				);
				GCC_WARN_64_TO_32_BIT_CONVERSION = YES;
				GCC_WARN_ABOUT_RETURN_TYPE = YES_ERROR;
				GCC_WARN_UNDECLARED_SELECTOR = YES;
				GCC_WARN_UNINITIALIZED_AUTOS = YES_AGGRESSIVE;
				GCC_WARN_UNUSED_FUNCTION = YES;
				GCC_WARN_UNUSED_VARIABLE = YES;
				HEADER_SEARCH_PATHS = "/usr/local/Cellar/eigen/3.2.2/**";
				LIBRARY_SEARCH_PATHS = "/usr/local/Cellar/eigen/3.2.2/**";
				MACOSX_DEPLOYMENT_TARGET = 10.11;
				MTL_ENABLE_DEBUG_INFO = YES;
				ONLY_ACTIVE_ARCH = YES;
				SDKROOT = macosx;
			};
			name = Debug;
		};
		9001FA541BF04DD100EBE196 /* Release */ = {
			isa = XCBuildConfiguration;
			buildSettings = {
				ALWAYS_SEARCH_USER_PATHS = NO;
				CLANG_CXX_LANGUAGE_STANDARD = "gnu++0x";
				CLANG_CXX_LIBRARY = "libc++";
				CLANG_ENABLE_MODULES = YES;
				CLANG_ENABLE_OBJC_ARC = YES;
				CLANG_WARN_BOOL_CONVERSION = YES;
				CLANG_WARN_CONSTANT_CONVERSION = YES;
				CLANG_WARN_DIRECT_OBJC_ISA_USAGE = YES_ERROR;
				CLANG_WARN_EMPTY_BODY = YES;
				CLANG_WARN_ENUM_CONVERSION = YES;
				CLANG_WARN_INT_CONVERSION = YES;
				CLANG_WARN_OBJC_ROOT_CLASS = YES_ERROR;
				CLANG_WARN_UNREACHABLE_CODE = YES;
				CLANG_WARN__DUPLICATE_METHOD_MATCH = YES;
				CODE_SIGN_IDENTITY = "-";
				COPY_PHASE_STRIP = NO;
				DEBUG_INFORMATION_FORMAT = "dwarf-with-dsym";
				ENABLE_NS_ASSERTIONS = NO;
				ENABLE_STRICT_OBJC_MSGSEND = YES;
				GCC_C_LANGUAGE_STANDARD = gnu99;
				GCC_NO_COMMON_BLOCKS = YES;
				GCC_WARN_64_TO_32_BIT_CONVERSION = YES;
				GCC_WARN_ABOUT_RETURN_TYPE = YES_ERROR;
				GCC_WARN_UNDECLARED_SELECTOR = YES;
				GCC_WARN_UNINITIALIZED_AUTOS = YES_AGGRESSIVE;
				GCC_WARN_UNUSED_FUNCTION = YES;
				GCC_WARN_UNUSED_VARIABLE = YES;
				HEADER_SEARCH_PATHS = "/usr/local/Cellar/eigen/3.2.2/**";
				LIBRARY_SEARCH_PATHS = "/usr/local/Cellar/eigen/3.2.2/**";
				MACOSX_DEPLOYMENT_TARGET = 10.11;
				MTL_ENABLE_DEBUG_INFO = NO;
				SDKROOT = macosx;
			};
			name = Release;
		};
		9001FA561BF04DD100EBE196 /* Debug */ = {
			isa = XCBuildConfiguration;
			buildSettings = {
				PRODUCT_NAME = "$(TARGET_NAME)";
			};
			name = Debug;
		};
		9001FA571BF04DD100EBE196 /* Release */ = {
			isa = XCBuildConfiguration;
			buildSettings = {
				PRODUCT_NAME = "$(TARGET_NAME)";
			};
			name = Release;
		};
/* End XCBuildConfiguration section */

/* Begin XCConfigurationList section */
		9001FA491BF04DD100EBE196 /* Build configuration list for PBXProject "RANSAC" */ = {
			isa = XCConfigurationList;
			buildConfigurations = (
				9001FA531BF04DD100EBE196 /* Debug */,
				9001FA541BF04DD100EBE196 /* Release */,
			);
			defaultConfigurationIsVisible = 0;
			defaultConfigurationName = Release;
		};
		9001FA551BF04DD100EBE196 /* Build configuration list for PBXNativeTarget "RANSAC" */ = {
			isa = XCConfigurationList;
			buildConfigurations = (
				9001FA561BF04DD100EBE196 /* Debug */,
				9001FA571BF04DD100EBE196 /* Release */,
			);
			defaultConfigurationIsVisible = 0;
			defaultConfigurationName = Release;
		};
/* End XCConfigurationList section */
	};
	rootObject = 9001FA461BF04DD100EBE196 /* Project object */;
}
